
Microsoft Visual Studio Solution File, Format Version 12.00
# Visual Studio Version 17
VisualStudioVersion = 17.3.32901.215
MinimumVisualStudioVersion = 10.0.40219.1
Project("{FAE04EC0-301F-11D3-BF4B-00C04F79EFBC}") = "ObsWebSocket.Net", "ObsWebSocket.Net\ObsWebSocket.Net.csproj", "{CBB70553-B639-4B7A-B77B-64D1B401FF55}"
EndProject
Project("{FAE04EC0-301F-11D3-BF4B-00C04F79EFBC}") = "ObsWebSocket.Net.Example", "ObsWebSocket.Net.Example\ObsWebSocket.Net.Example.csproj", "{CCCC6DEF-1C9A-4312-AA85-54377DA1D475}"
EndProject
Global
	GlobalSection(SolutionConfigurationPlatforms) = preSolution
		Debug|Any CPU = Debug|Any CPU
		Release|Any CPU = Release|Any CPU
	EndGlobalSection
	GlobalSection(ProjectConfigurationPlatforms) = postSolution
		{CBB70553-B639-4B7A-B77B-64D1B401FF55}.Debug|Any CPU.ActiveCfg = Debug|Any CPU
		{CBB70553-B639-4B7A-B77B-64D1B401FF55}.Debug|Any CPU.Build.0 = Debug|Any CPU
		{CBB70553-B639-4B7A-B77B-64D1B401FF55}.Release|Any CPU.ActiveCfg = Release|Any CPU
		{CBB70553-B639-4B7A-B77B-64D1B401FF55}.Release|Any CPU.Build.0 = Release|Any CPU
		{CCCC6DEF-1C9A-4312-AA85-54377DA1D475}.Debug|Any CPU.ActiveCfg = Debug|Any CPU
		{CCCC6DEF-1C9A-4312-AA85-54377DA1D475}.Debug|Any CPU.Build.0 = Debug|Any CPU
		{CCCC6DEF-1C9A-4312-AA85-54377DA1D475}.Release|Any CPU.ActiveCfg = Release|Any CPU
		{CCCC6DEF-1C9A-4312-AA85-54377DA1D475}.Release|Any CPU.Build.0 = Release|Any CPU
	EndGlobalSection
	GlobalSection(SolutionProperties) = preSolution
		HideSolutionNode = FALSE
	EndGlobalSection
	GlobalSection(ExtensibilityGlobals) = postSolution
		SolutionGuid = {57A81FDF-0763-44D8-828E-9DBABB700A8F}
	EndGlobalSection
EndGlobal
